PODS:
  - Alamofire (3.3.1)
  - AlamofireImage (2.4.0):
    - Alamofire (~> 3.3)
  - AlamofireJsonToObjects (1.6.0):
    - Alamofire
    - EVReflection
  - EVReflection (2.24.0)
  - NVActivityIndicatorView (2.5)
  - R.swift (2.1.0):
    - R.swift.Library (~> 2.0.0)
  - R.swift.Library (2.0.0)
  - SnapKit (0.20.0)
  - SwiftHEXColors (1.0.4)

DEPENDENCIES:
  - Alamofire
  - AlamofireImage
  - AlamofireJsonToObjects
  - NVActivityIndicatorView
  - R.swift
  - SnapKit
  - SwiftHEXColors

SPEC CHECKSUMS:
  Alamofire: 369bc67b6f5ac33ded3648d7bd21c5bfb91c2ecc
  AlamofireImage: 87408b652e0f5ae5fe364035f15aea8b9b24c77e
  AlamofireJsonToObjects: e5155c1c58493c44d7ebe56bbb1aa65d95e82c68
  EVReflection: 1dbb41847798d88ab625007a6a311f28a5d71d86
  NVActivityIndicatorView: 18e82784c9cb2d5f3df3129a3e4754eb075ebca0
  R.swift: efff131531b5cf142e28fd94957806ff71ccbcf2
  R.swift.Library: 9f4b2d12040daa1ffe336d8f7e1574f73721fd01
  SnapKit: 5fce3c1bbbf1fbd31de9aa92f33eb9fa03f15650
  SwiftHEXColors: b0ecc7bd83a1aa2e1956f9ba51f55ebb2bcf86ef

COCOAPODS: 0.39.0
