PODS:
  - Alamofire (3.3.1)
  - AlamofireImage (2.4.0):
    - Alamofire (~> 3.3)
  - AlamofireJsonToObjects (1.3.0):
    - Alamofire
    - EVReflection
  - DateTools (1.7.0)
  - EVReflection (2.23.0)
  - R.swift (2.1.0):
    - R.swift.Library (~> 2.0.0)
  - R.swift.Library (2.0.0)
  - SnapKit (0.20.0)
  - SVProgressHUD (2.0.3)
  - SwiftHEXColors (1.0.4)

DEPENDENCIES:
  - Alamofire
  - AlamofireImage
  - AlamofireJsonToObjects
  - DateTools
  - R.swift
  - SnapKit
  - SVProgressHUD
  - SwiftHEXColors

SPEC CHECKSUMS:
  Alamofire: 369bc67b6f5ac33ded3648d7bd21c5bfb91c2ecc
  AlamofireImage: 87408b652e0f5ae5fe364035f15aea8b9b24c77e
  AlamofireJsonToObjects: 2041f79276a2964c1d141d3c934604b5c0f6f786
  DateTools: 53288ee8b905fdc75897a1e6b5cc0144b14cba60
  EVReflection: 435395f9a2a9a23f57c1076188716ed2aea34ce7
  R.swift: efff131531b5cf142e28fd94957806ff71ccbcf2
  R.swift.Library: 9f4b2d12040daa1ffe336d8f7e1574f73721fd01
  SnapKit: 5fce3c1bbbf1fbd31de9aa92f33eb9fa03f15650
  SVProgressHUD: b0830714205bea1317ea1a2ebc71e5633af334d4
  SwiftHEXColors: b0ecc7bd83a1aa2e1956f9ba51f55ebb2bcf86ef

COCOAPODS: 0.39.0
